// !$*UTF8*$!
{
	archiveVersion = 1;
	classes = {
	};
	objectVersion = 46;
	objects = {

/* Begin PBXBuildFile section */
		2C1672E01C7D9A88007CCC66 /* AppDelegate.swift in Sources */ = {isa = PBXBuildFile; fileRef = 2C1672DF1C7D9A88007CCC66 /* AppDelegate.swift */; };
		2C1672E51C7D9A88007CCC66 /* Main.storyboard in Resources */ = {isa = PBXBuildFile; fileRef = 2C1672E31C7D9A88007CCC66 /* Main.storyboard */; };
		2C1672E71C7D9A88007CCC66 /* Assets.xcassets in Resources */ = {isa = PBXBuildFile; fileRef = 2C1672E61C7D9A88007CCC66 /* Assets.xcassets */; };
		2C1672EA1C7D9A88007CCC66 /* LaunchScreen.storyboard in Resources */ = {isa = PBXBuildFile; fileRef = 2C1672E81C7D9A88007CCC66 /* LaunchScreen.storyboard */; };
		2C1672F21C7D9AD9007CCC66 /* StephSignupViewController.swift in Sources */ = {isa = PBXBuildFile; fileRef = 2C1672F11C7D9AD9007CCC66 /* StephSignupViewController.swift */; };
/* End PBXBuildFile section */

/* Begin PBXFileReference section */
		2C1672DC1C7D9A87007CCC66 /* Steph.app */ = {isa = PBXFileReference; explicitFileType = wrapper.application; includeInIndex = 0; path = Steph.app; sourceTree = BUILT_PRODUCTS_DIR; };
		2C1672DF1C7D9A88007CCC66 /* AppDelegate.swift */ = {isa = PBXFileReference; lastKnownFileType = sourcecode.swift; path = AppDelegate.swift; sourceTree = "<group>"; };
		2C1672E41C7D9A88007CCC66 /* Base */ = {isa = PBXFileReference; lastKnownFileType = file.storyboard; name = Base; path = Base.lproj/Main.storyboard; sourceTree = "<group>"; };
		2C1672E61C7D9A88007CCC66 /* Assets.xcassets */ = {isa = PBXFileReference; lastKnownFileType = folder.assetcatalog; path = Assets.xcassets; sourceTree = "<group>"; };
		2C1672E91C7D9A88007CCC66 /* Base */ = {isa = PBXFileReference; lastKnownFileType = file.storyboard; name = Base; path = Base.lproj/LaunchScreen.storyboard; sourceTree = "<group>"; };
		2C1672EB1C7D9A88007CCC66 /* Info.plist */ = {isa = PBXFileReference; lastKnownFileType = text.plist.xml; path = Info.plist; sourceTree = "<group>"; };
		2C1672F11C7D9AD9007CCC66 /* StephSignupViewController.swift */ = {isa = PBXFileReference; fileEncoding = 4; lastKnownFileType = sourcecode.swift; path = StephSignupViewController.swift; sourceTree = "<group>"; };
/* End PBXFileReference section */

/* Begin PBXFrameworksBuildPhase section */
		2C1672D91C7D9A87007CCC66 /* Frameworks */ = {
			isa = PBXFrameworksBuildPhase;
			buildActionMask = 2147483647;
			files = (
			);
			runOnlyForDeploymentPostprocessing = 0;
		};
/* End PBXFrameworksBuildPhase section */

/* Begin PBXGroup section */
		2C1672D31C7D9A87007CCC66 = {
			isa = PBXGroup;
			children = (
				2C1672DE1C7D9A87007CCC66 /* Steph */,
				2C1672DD1C7D9A87007CCC66 /* Products */,
			);
			sourceTree = "<group>";
		};
		2C1672DD1C7D9A87007CCC66 /* Products */ = {
			isa = PBXGroup;
			children = (
				2C1672DC1C7D9A87007CCC66 /* Steph.app */,
			);
			name = Products;
			sourceTree = "<group>";
		};
		2C1672DE1C7D9A87007CCC66 /* Steph */ = {
			isa = PBXGroup;
			children = (
				2C1672DF1C7D9A88007CCC66 /* AppDelegate.swift */,
				2C1672F11C7D9AD9007CCC66 /* StephSignupViewController.swift */,
				2C1672E31C7D9A88007CCC66 /* Main.storyboard */,
				2C1672E61C7D9A88007CCC66 /* Assets.xcassets */,
				2C1672E81C7D9A88007CCC66 /* LaunchScreen.storyboard */,
				2C1672EB1C7D9A88007CCC66 /* Info.plist */,
			);
			path = Steph;
			sourceTree = "<group>";
		};
/* End PBXGroup section */

/* Begin PBXNativeTarget section */
		2C1672DB1C7D9A87007CCC66 /* Steph */ = {
			isa = PBXNativeTarget;
			buildConfigurationList = 2C1672EE1C7D9A88007CCC66 /* Build configuration list for PBXNativeTarget "Steph" */;
			buildPhases = (
				2C1672D81C7D9A87007CCC66 /* Sources */,
				2C1672D91C7D9A87007CCC66 /* Frameworks */,
				2C1672DA1C7D9A87007CCC66 /* Resources */,
			);
			buildRules = (
			);
			dependencies = (
			);
			name = Steph;
			productName = Steph;
			productReference = 2C1672DC1C7D9A87007CCC66 /* Steph.app */;
			productType = "com.apple.product-type.application";
		};
/* End PBXNativeTarget section */

/* Begin PBXProject section */
		2C1672D41C7D9A87007CCC66 /* Project object */ = {
			isa = PBXProject;
			attributes = {
				LastSwiftUpdateCheck = 0720;
				LastUpgradeCheck = 0720;
				ORGANIZATIONNAME = Wen;
				TargetAttributes = {
					2C1672DB1C7D9A87007CCC66 = {
						CreatedOnToolsVersion = 7.2;
					};
				};
			};
			buildConfigurationList = 2C1672D71C7D9A87007CCC66 /* Build configuration list for PBXProject "Steph" */;
			compatibilityVersion = "Xcode 3.2";
			developmentRegion = English;
			hasScannedForEncodings = 0;
			knownRegions = (
				en,
				Base,
			);
			mainGroup = 2C1672D31C7D9A87007CCC66;
			productRefGroup = 2C1672DD1C7D9A87007CCC66 /* Products */;
			projectDirPath = "";
			projectRoot = "";
			targets = (
				2C1672DB1C7D9A87007CCC66 /* Steph */,
			);
		};
/* End PBXProject section */

/* Begin PBXResourcesBuildPhase section */
		2C1672DA1C7D9A87007CCC66 /* Resources */ = {
			isa = PBXResourcesBuildPhase;
			buildActionMask = 2147483647;
			files = (
				2C1672EA1C7D9A88007CCC66 /* LaunchScreen.storyboard in Resources */,
				2C1672E71C7D9A88007CCC66 /* Assets.xcassets in Resources */,
				2C1672E51C7D9A88007CCC66 /* Main.storyboard in Resources */,
			);
			runOnlyForDeploymentPostprocessing = 0;
		};
/* End PBXResourcesBuildPhase section */

/* Begin PBXSourcesBuildPhase section */
		2C1672D81C7D9A87007CCC66 /* Sources */ = {
			isa = PBXSourcesBuildPhase;
			buildActionMask = 2147483647;
			files = (
				2C1672E01C7D9A88007CCC66 /* AppDelegate.swift in Sources */,
				2C1672F21C7D9AD9007CCC66 /* StephSignupViewController.swift in Sources */,
			);
			runOnlyForDeploymentPostprocessing = 0;
		};
/* End PBXSourcesBuildPhase section */

/* Begin PBXVariantGroup section */
		2C1672E31C7D9A88007CCC66 /* Main.storyboard */ = {
			isa = PBXVariantGroup;
			children = (
				2C1672E41C7D9A88007CCC66 /* Base */,
			);
			name = Main.storyboard;
			sourceTree = "<group>";
		};
		2C1672E81C7D9A88007CCC66 /* LaunchScreen.storyboard */ = {
			isa = PBXVariantGroup;
			children = (
				2C1672E91C7D9A88007CCC66 /* Base */,
			);
			name = LaunchScreen.storyboard;
			sourceTree = "<group>";
		};
/* End PBXVariantGroup section */

/* Begin XCBuildConfiguration section */
		2C1672EC1C7D9A88007CCC66 /* Debug */ = {
			isa = XCBuildConfiguration;
			buildSettings = {
				ALWAYS_SEARCH_USER_PATHS = NO;
				CLANG_CXX_LANGUAGE_STANDARD = "gnu++0x";
				CLANG_CXX_LIBRARY = "libc++";
				CLANG_ENABLE_MODULES = YES;
				CLANG_ENABLE_OBJC_ARC = YES;
				CLANG_WARN_BOOL_CONVERSION = YES;
				CLANG_WARN_CONSTANT_CONVERSION = YES;
				CLANG_WARN_DIRECT_OBJC_ISA_USAGE = YES_ERROR;
				CLANG_WARN_EMPTY_BODY = YES;
				CLANG_WARN_ENUM_CONVERSION = YES;
				CLANG_WARN_INT_CONVERSION = YES;
				CLANG_WARN_OBJC_ROOT_CLASS = YES_ERROR;
				CLANG_WARN_UNREACHABLE_CODE = YES;
				CLANG_WARN__DUPLICATE_METHOD_MATCH = YES;
				"CODE_SIGN_IDENTITY[sdk=iphoneos*]" = "iPhone Developer";
				COPY_PHASE_STRIP = NO;
				DEBUG_INFORMATION_FORMAT = dwarf;
				ENABLE_STRICT_OBJC_MSGSEND = YES;
				ENABLE_TESTABILITY = YES;
				GCC_C_LANGUAGE_STANDARD = gnu99;
				GCC_DYNAMIC_NO_PIC = NO;
				GCC_NO_COMMON_BLOCKS = YES;
				GCC_OPTIMIZATION_LEVEL = 0;
				GCC_PREPROCESSOR_DEFINITIONS = (
					"DEBUG=1",
					"$(inherited)",
				);
				GCC_WARN_64_TO_32_BIT_CONVERSION = YES;
				GCC_WARN_ABOUT_RETURN_TYPE = YES_ERROR;
				GCC_WARN_UNDECLARED_SELECTOR = YES;
				GCC_WARN_UNINITIALIZED_AUTOS = YES_AGGRESSIVE;
				GCC_WARN_UNUSED_FUNCTION = YES;
				GCC_WARN_UNUSED_VARIABLE = YES;
				IPHONEOS_DEPLOYMENT_TARGET = 9.2;
				MTL_ENABLE_DEBUG_INFO = YES;
				ONLY_ACTIVE_ARCH = YES;
				SDKROOT = iphoneos;
				SWIFT_OPTIMIZATION_LEVEL = "-Onone";
			};
			name = Debug;
		};
		2C1672ED1C7D9A88007CCC66 /* Release */ = {
			isa = XCBuildConfiguration;
			buildSettings = {
				ALWAYS_SEARCH_USER_PATHS = NO;
				CLANG_CXX_LANGUAGE_STANDARD = "gnu++0x";
				CLANG_CXX_LIBRARY = "libc++";
				CLANG_ENABLE_MODULES = YES;
				CLANG_ENABLE_OBJC_ARC = YES;
				CLANG_WARN_BOOL_CONVERSION = YES;
				CLANG_WARN_CONSTANT_CONVERSION = YES;
				CLANG_WARN_DIRECT_OBJC_ISA_USAGE = YES_ERROR;
				CLANG_WARN_EMPTY_BODY = YES;
				CLANG_WARN_ENUM_CONVERSION = YES;
				CLANG_WARN_INT_CONVERSION = YES;
				CLANG_WARN_OBJC_ROOT_CLASS = YES_ERROR;
				CLANG_WARN_UNREACHABLE_CODE = YES;
				CLANG_WARN__DUPLICATE_METHOD_MATCH = YES;
				"CODE_SIGN_IDENTITY[sdk=iphoneos*]" = "iPhone Developer";
				COPY_PHASE_STRIP = NO;
				DEBUG_INFORMATION_FORMAT = "dwarf-with-dsym";
				ENABLE_NS_ASSERTIONS = NO;
				ENABLE_STRICT_OBJC_MSGSEND = YES;
				GCC_C_LANGUAGE_STANDARD = gnu99;
				GCC_NO_COMMON_BLOCKS = YES;
				GCC_WARN_64_TO_32_BIT_CONVERSION = YES;
				GCC_WARN_ABOUT_RETURN_TYPE = YES_ERROR;
				GCC_WARN_UNDECLARED_SELECTOR = YES;
				GCC_WARN_UNINITIALIZED_AUTOS = YES_AGGRESSIVE;
				GCC_WARN_UNUSED_FUNCTION = YES;
				GCC_WARN_UNUSED_VARIABLE = YES;
				IPHONEOS_DEPLOYMENT_TARGET = 9.2;
				MTL_ENABLE_DEBUG_INFO = NO;
				SDKROOT = iphoneos;
				VALIDATE_PRODUCT = YES;
			};
			name = Release;
		};
		2C1672EF1C7D9A88007CCC66 /* Debug */ = {
			isa = XCBuildConfiguration;
			buildSettings = {
				ASSETCATALOG_COMPILER_APPICON_NAME = AppIcon;
				INFOPLIST_FILE = Steph/Info.plist;
				LD_RUNPATH_SEARCH_PATHS = "$(inherited) @executable_path/Frameworks";
				PRODUCT_BUNDLE_IDENTIFIER = Eddie.Steph;
				PRODUCT_NAME = "$(TARGET_NAME)";
			};
			name = Debug;
		};
		2C1672F01C7D9A88007CCC66 /* Release */ = {
			isa = XCBuildConfiguration;
			buildSettings = {
				ASSETCATALOG_COMPILER_APPICON_NAME = AppIcon;
				INFOPLIST_FILE = Steph/Info.plist;
				LD_RUNPATH_SEARCH_PATHS = "$(inherited) @executable_path/Frameworks";
				PRODUCT_BUNDLE_IDENTIFIER = Eddie.Steph;
				PRODUCT_NAME = "$(TARGET_NAME)";
			};
			name = Release;
		};
/* End XCBuildConfiguration section */

/* Begin XCConfigurationList section */
		2C1672D71C7D9A87007CCC66 /* Build configuration list for PBXProject "Steph" */ = {
			isa = XCConfigurationList;
			buildConfigurations = (
				2C1672EC1C7D9A88007CCC66 /* Debug */,
				2C1672ED1C7D9A88007CCC66 /* Release */,
			);
			defaultConfigurationIsVisible = 0;
			defaultConfigurationName = Release;
		};
		2C1672EE1C7D9A88007CCC66 /* Build configuration list for PBXNativeTarget "Steph" */ = {
			isa = XCConfigurationList;
			buildConfigurations = (
				2C1672EF1C7D9A88007CCC66 /* Debug */,
				2C1672F01C7D9A88007CCC66 /* Release */,
			);
			defaultConfigurationIsVisible = 0;
			defaultConfigurationName = Release;
		};
/* End XCConfigurationList section */
	};
	rootObject = 2C1672D41C7D9A87007CCC66 /* Project object */;
}
